
Microsoft Visual Studio Solution File, Format Version 12.00
# Visual Studio 15
VisualStudioVersion = 15.0.28307.1022
MinimumVisualStudioVersion = 10.0.40219.1
Project("{FAE04EC0-301F-11D3-BF4B-00C04F79EFBC}") = "COVID_MVC", "COVID_MVC\COVID_MVC.csproj", "{42B224DA-9999-44AF-818A-7BAA6920169C}"
EndProject
Global
	GlobalSection(SolutionConfigurationPlatforms) = preSolution
		Debug|Any CPU = Debug|Any CPU
		Release|Any CPU = Release|Any CPU
	EndGlobalSection
	GlobalSection(ProjectConfigurationPlatforms) = postSolution
		{42B224DA-9999-44AF-818A-7BAA6920169C}.Debug|Any CPU.ActiveCfg = Debug|Any CPU
		{42B224DA-9999-44AF-818A-7BAA6920169C}.Debug|Any CPU.Build.0 = Debug|Any CPU
		{42B224DA-9999-44AF-818A-7BAA6920169C}.Release|Any CPU.ActiveCfg = Release|Any CPU
		{42B224DA-9999-44AF-818A-7BAA6920169C}.Release|Any CPU.Build.0 = Release|Any CPU
	EndGlobalSection
	GlobalSection(SolutionProperties) = preSolution
		HideSolutionNode = FALSE
	EndGlobalSection
	GlobalSection(ExtensibilityGlobals) = postSolution
		SolutionGuid = {5EB61E70-E3F7-4A14-BF63-BD506C379DB3}
	EndGlobalSection
EndGlobal
